
Microsoft Visual Studio Solution File, Format Version 12.00
# Visual Studio Version 16
VisualStudioVersion = 16.0.32929.386
MinimumVisualStudioVersion = 10.0.40219.1
Project("{FAE04EC0-301F-11D3-BF4B-00C04F79EFBC}") = "TH_CozaStore", "TH_CozaStore\TH_CozaStore.csproj", "{30062705-373F-47E2-8B2C-56FED2632066}"
EndProject
Global
	GlobalSection(SolutionConfigurationPlatforms) = preSolution
		Debug|Any CPU = Debug|Any CPU
		Release|Any CPU = Release|Any CPU
	EndGlobalSection
	GlobalSection(ProjectConfigurationPlatforms) = postSolution
		{30062705-373F-47E2-8B2C-56FED2632066}.Debug|Any CPU.ActiveCfg = Debug|Any CPU
		{30062705-373F-47E2-8B2C-56FED2632066}.Debug|Any CPU.Build.0 = Debug|Any CPU
		{30062705-373F-47E2-8B2C-56FED2632066}.Release|Any CPU.ActiveCfg = Release|Any CPU
		{30062705-373F-47E2-8B2C-56FED2632066}.Release|Any CPU.Build.0 = Release|Any CPU
	EndGlobalSection
	GlobalSection(SolutionProperties) = preSolution
		HideSolutionNode = FALSE
	EndGlobalSection
	GlobalSection(ExtensibilityGlobals) = postSolution
		SolutionGuid = {21E3430F-76BB-4CA1-B332-A464AAF0FC42}
	EndGlobalSection
EndGlobal
